
Microsoft Visual Studio Solution File, Format Version 12.00
# Visual Studio Version 17
VisualStudioVersion = 17.5.33414.496
MinimumVisualStudioVersion = 10.0.40219.1
Project("{FAE04EC0-301F-11D3-BF4B-00C04F79EFBC}") = "Math", "Math\Math.csproj", "{3C412149-B3BC-4B8C-9A54-C270B22FD0E9}"
EndProject
Project("{FAE04EC0-301F-11D3-BF4B-00C04F79EFBC}") = "HelloApp", "HelloApp\HelloApp.csproj", "{298CDBBD-B93A-4A62-81B4-BB14191445D8}"
EndProject
Project("{FAE04EC0-301F-11D3-BF4B-00C04F79EFBC}") = "Crypto", "Crypto\Crypto.csproj", "{35418557-9E0C-49A6-A30E-0428A9D7F8C2}"
EndProject
Global
	GlobalSection(SolutionConfigurationPlatforms) = preSolution
		Debug|Any CPU = Debug|Any CPU
		Release|Any CPU = Release|Any CPU
	EndGlobalSection
	GlobalSection(ProjectConfigurationPlatforms) = postSolution
		{3C412149-B3BC-4B8C-9A54-C270B22FD0E9}.Debug|Any CPU.ActiveCfg = Debug|Any CPU
		{3C412149-B3BC-4B8C-9A54-C270B22FD0E9}.Debug|Any CPU.Build.0 = Debug|Any CPU
		{3C412149-B3BC-4B8C-9A54-C270B22FD0E9}.Release|Any CPU.ActiveCfg = Release|Any CPU
		{3C412149-B3BC-4B8C-9A54-C270B22FD0E9}.Release|Any CPU.Build.0 = Release|Any CPU
		{298CDBBD-B93A-4A62-81B4-BB14191445D8}.Debug|Any CPU.ActiveCfg = Debug|Any CPU
		{298CDBBD-B93A-4A62-81B4-BB14191445D8}.Debug|Any CPU.Build.0 = Debug|Any CPU
		{298CDBBD-B93A-4A62-81B4-BB14191445D8}.Release|Any CPU.ActiveCfg = Release|Any CPU
		{298CDBBD-B93A-4A62-81B4-BB14191445D8}.Release|Any CPU.Build.0 = Release|Any CPU
		{35418557-9E0C-49A6-A30E-0428A9D7F8C2}.Debug|Any CPU.ActiveCfg = Debug|Any CPU
		{35418557-9E0C-49A6-A30E-0428A9D7F8C2}.Debug|Any CPU.Build.0 = Debug|Any CPU
		{35418557-9E0C-49A6-A30E-0428A9D7F8C2}.Release|Any CPU.ActiveCfg = Release|Any CPU
		{35418557-9E0C-49A6-A30E-0428A9D7F8C2}.Release|Any CPU.Build.0 = Release|Any CPU
	EndGlobalSection
	GlobalSection(SolutionProperties) = preSolution
		HideSolutionNode = FALSE
	EndGlobalSection
	GlobalSection(ExtensibilityGlobals) = postSolution
		SolutionGuid = {93DC5986-5700-4EE6-BD7E-B4CA38F884A0}
	EndGlobalSection
EndGlobal
