
Microsoft Visual Studio Solution File, Format Version 12.00
# Visual Studio Version 17
VisualStudioVersion = 17.5.33414.496
MinimumVisualStudioVersion = 10.0.40219.1
Project("{9A19103F-16F7-4668-BE54-9A1E7A4F7556}") = "Lambdas", "Lambdas\Lambdas.csproj", "{88C3E518-9931-444B-92A6-5FCFEB1DE439}"
EndProject
Global
	GlobalSection(SolutionConfigurationPlatforms) = preSolution
		Debug|Any CPU = Debug|Any CPU
		Release|Any CPU = Release|Any CPU
	EndGlobalSection
	GlobalSection(ProjectConfigurationPlatforms) = postSolution
		{88C3E518-9931-444B-92A6-5FCFEB1DE439}.Debug|Any CPU.ActiveCfg = Debug|Any CPU
		{88C3E518-9931-444B-92A6-5FCFEB1DE439}.Debug|Any CPU.Build.0 = Debug|Any CPU
		{88C3E518-9931-444B-92A6-5FCFEB1DE439}.Release|Any CPU.ActiveCfg = Release|Any CPU
		{88C3E518-9931-444B-92A6-5FCFEB1DE439}.Release|Any CPU.Build.0 = Release|Any CPU
	EndGlobalSection
	GlobalSection(SolutionProperties) = preSolution
		HideSolutionNode = FALSE
	EndGlobalSection
	GlobalSection(ExtensibilityGlobals) = postSolution
		SolutionGuid = {D70750A2-E379-4471-B761-8AB9183A2CF5}
	EndGlobalSection
EndGlobal
