
Microsoft Visual Studio Solution File, Format Version 12.00
# Visual Studio Version 17
VisualStudioVersion = 17.5.33414.496
MinimumVisualStudioVersion = 10.0.40219.1
Project("{9A19103F-16F7-4668-BE54-9A1E7A4F7556}") = "Dispose", "Dispose.csproj", "{F9299BCC-CBF2-4C7D-B3F6-0CE5B0128C51}"
EndProject
Global
	GlobalSection(SolutionConfigurationPlatforms) = preSolution
		Debug|Any CPU = Debug|Any CPU
		Release|Any CPU = Release|Any CPU
	EndGlobalSection
	GlobalSection(ProjectConfigurationPlatforms) = postSolution
		{F9299BCC-CBF2-4C7D-B3F6-0CE5B0128C51}.Debug|Any CPU.ActiveCfg = Debug|Any CPU
		{F9299BCC-CBF2-4C7D-B3F6-0CE5B0128C51}.Debug|Any CPU.Build.0 = Debug|Any CPU
		{F9299BCC-CBF2-4C7D-B3F6-0CE5B0128C51}.Release|Any CPU.ActiveCfg = Release|Any CPU
		{F9299BCC-CBF2-4C7D-B3F6-0CE5B0128C51}.Release|Any CPU.Build.0 = Release|Any CPU
	EndGlobalSection
	GlobalSection(SolutionProperties) = preSolution
		HideSolutionNode = FALSE
	EndGlobalSection
	GlobalSection(ExtensibilityGlobals) = postSolution
		SolutionGuid = {BAB05A72-9E1C-499F-BA6D-76EE804D2E8C}
	EndGlobalSection
EndGlobal
