
Microsoft Visual Studio Solution File, Format Version 12.00
# Visual Studio Version 17
VisualStudioVersion = 17.5.33502.453
MinimumVisualStudioVersion = 10.0.40219.1
Project("{9A19103F-16F7-4668-BE54-9A1E7A4F7556}") = "UtilizeCPU", "UtilizeCPU.csproj", "{ABDB4255-F23E-45C5-9C72-0EB6528DF574}"
EndProject
Global
	GlobalSection(SolutionConfigurationPlatforms) = preSolution
		Debug|Any CPU = Debug|Any CPU
		Release|Any CPU = Release|Any CPU
	EndGlobalSection
	GlobalSection(ProjectConfigurationPlatforms) = postSolution
		{ABDB4255-F23E-45C5-9C72-0EB6528DF574}.Debug|Any CPU.ActiveCfg = Debug|Any CPU
		{ABDB4255-F23E-45C5-9C72-0EB6528DF574}.Debug|Any CPU.Build.0 = Debug|Any CPU
		{ABDB4255-F23E-45C5-9C72-0EB6528DF574}.Release|Any CPU.ActiveCfg = Release|Any CPU
		{ABDB4255-F23E-45C5-9C72-0EB6528DF574}.Release|Any CPU.Build.0 = Release|Any CPU
	EndGlobalSection
	GlobalSection(SolutionProperties) = preSolution
		HideSolutionNode = FALSE
	EndGlobalSection
	GlobalSection(ExtensibilityGlobals) = postSolution
		SolutionGuid = {2ED7B016-1855-48F7-873F-79744C7C6609}
	EndGlobalSection
EndGlobal
