
Microsoft Visual Studio Solution File, Format Version 12.00
# Visual Studio Version 17
VisualStudioVersion = 17.5.33502.453
MinimumVisualStudioVersion = 10.0.40219.1
Project("{FAE04EC0-301F-11D3-BF4B-00C04F79EFBC}") = "FormBlock", "FormBlock.csproj", "{B92F728D-C324-423D-9F42-9D4D57FBB297}"
EndProject
Global
	GlobalSection(SolutionConfigurationPlatforms) = preSolution
		Debug|Any CPU = Debug|Any CPU
		Release|Any CPU = Release|Any CPU
	EndGlobalSection
	GlobalSection(ProjectConfigurationPlatforms) = postSolution
		{B92F728D-C324-423D-9F42-9D4D57FBB297}.Debug|Any CPU.ActiveCfg = Debug|Any CPU
		{B92F728D-C324-423D-9F42-9D4D57FBB297}.Debug|Any CPU.Build.0 = Debug|Any CPU
		{B92F728D-C324-423D-9F42-9D4D57FBB297}.Release|Any CPU.ActiveCfg = Release|Any CPU
		{B92F728D-C324-423D-9F42-9D4D57FBB297}.Release|Any CPU.Build.0 = Release|Any CPU
	EndGlobalSection
	GlobalSection(SolutionProperties) = preSolution
		HideSolutionNode = FALSE
	EndGlobalSection
	GlobalSection(ExtensibilityGlobals) = postSolution
		SolutionGuid = {2ED7B016-1855-48F7-873F-79744C7C6609}
	EndGlobalSection
EndGlobal
