
Microsoft Visual Studio Solution File, Format Version 12.00
# Visual Studio Version 17
VisualStudioVersion = 17.8.34112.27
MinimumVisualStudioVersion = 10.0.40219.1
Project("{9A19103F-16F7-4668-BE54-9A1E7A4F7556}") = "XAMLsample", "XAMLsample\XAMLsample.csproj", "{74A7FD4A-9D6D-4D6E-AB8C-E73D427E64C0}"
EndProject
Project("{9A19103F-16F7-4668-BE54-9A1E7A4F7556}") = "ComposabilitySample", "ComposabilitySample\ComposabilitySample.csproj", "{4DDC3B0B-1F52-4B0D-B78D-4D78A21D415D}"
EndProject
Project("{9A19103F-16F7-4668-BE54-9A1E7A4F7556}") = "BasicControls", "BasicControls\BasicControls.csproj", "{B3E7D85F-FBDC-47E7-AD35-7782CF10624D}"
EndProject
Project("{9A19103F-16F7-4668-BE54-9A1E7A4F7556}") = "DataBindingSample", "DataBindingSample\DataBindingSample.csproj", "{FC689FF7-C49D-4D50-AFD2-F67C7029CF00}"
EndProject
Project("{9A19103F-16F7-4668-BE54-9A1E7A4F7556}") = "LayoutSample", "LayoutSample\LayoutSample.csproj", "{50BA2E79-FD6B-4089-B20E-8005A7221738}"
EndProject
Project("{9A19103F-16F7-4668-BE54-9A1E7A4F7556}") = "DancerProfiles", "DancerProfiles\DancerProfiles.csproj", "{F66D638B-FCCE-4324-B610-22E662AE6788}"
EndProject
Project("{FAE04EC0-301F-11D3-BF4B-00C04F79EFBC}") = "CodeBehindSample", "CodeBehindSample\CodeBehindSample.csproj", "{B74D1670-8217-4035-9D19-98FBF71D5886}"
EndProject
Global
	GlobalSection(SolutionConfigurationPlatforms) = preSolution
		Debug|ARM64 = Debug|ARM64
		Debug|x64 = Debug|x64
		Debug|x86 = Debug|x86
		Release|ARM64 = Release|ARM64
		Release|x64 = Release|x64
		Release|x86 = Release|x86
	EndGlobalSection
	GlobalSection(ProjectConfigurationPlatforms) = postSolution
		{74A7FD4A-9D6D-4D6E-AB8C-E73D427E64C0}.Debug|ARM64.ActiveCfg = Debug|ARM64
		{74A7FD4A-9D6D-4D6E-AB8C-E73D427E64C0}.Debug|ARM64.Build.0 = Debug|ARM64
		{74A7FD4A-9D6D-4D6E-AB8C-E73D427E64C0}.Debug|ARM64.Deploy.0 = Debug|ARM64
		{74A7FD4A-9D6D-4D6E-AB8C-E73D427E64C0}.Debug|x64.ActiveCfg = Debug|x64
		{74A7FD4A-9D6D-4D6E-AB8C-E73D427E64C0}.Debug|x64.Build.0 = Debug|x64
		{74A7FD4A-9D6D-4D6E-AB8C-E73D427E64C0}.Debug|x64.Deploy.0 = Debug|x64
		{74A7FD4A-9D6D-4D6E-AB8C-E73D427E64C0}.Debug|x86.ActiveCfg = Debug|x86
		{74A7FD4A-9D6D-4D6E-AB8C-E73D427E64C0}.Debug|x86.Build.0 = Debug|x86
		{74A7FD4A-9D6D-4D6E-AB8C-E73D427E64C0}.Debug|x86.Deploy.0 = Debug|x86
		{74A7FD4A-9D6D-4D6E-AB8C-E73D427E64C0}.Release|ARM64.ActiveCfg = Release|ARM64
		{74A7FD4A-9D6D-4D6E-AB8C-E73D427E64C0}.Release|ARM64.Build.0 = Release|ARM64
		{74A7FD4A-9D6D-4D6E-AB8C-E73D427E64C0}.Release|ARM64.Deploy.0 = Release|ARM64
		{74A7FD4A-9D6D-4D6E-AB8C-E73D427E64C0}.Release|x64.ActiveCfg = Release|x64
		{74A7FD4A-9D6D-4D6E-AB8C-E73D427E64C0}.Release|x64.Build.0 = Release|x64
		{74A7FD4A-9D6D-4D6E-AB8C-E73D427E64C0}.Release|x64.Deploy.0 = Release|x64
		{74A7FD4A-9D6D-4D6E-AB8C-E73D427E64C0}.Release|x86.ActiveCfg = Release|x86
		{74A7FD4A-9D6D-4D6E-AB8C-E73D427E64C0}.Release|x86.Build.0 = Release|x86
		{74A7FD4A-9D6D-4D6E-AB8C-E73D427E64C0}.Release|x86.Deploy.0 = Release|x86
		{4DDC3B0B-1F52-4B0D-B78D-4D78A21D415D}.Debug|ARM64.ActiveCfg = Debug|ARM64
		{4DDC3B0B-1F52-4B0D-B78D-4D78A21D415D}.Debug|ARM64.Build.0 = Debug|ARM64
		{4DDC3B0B-1F52-4B0D-B78D-4D78A21D415D}.Debug|ARM64.Deploy.0 = Debug|ARM64
		{4DDC3B0B-1F52-4B0D-B78D-4D78A21D415D}.Debug|x64.ActiveCfg = Debug|x64
		{4DDC3B0B-1F52-4B0D-B78D-4D78A21D415D}.Debug|x64.Build.0 = Debug|x64
		{4DDC3B0B-1F52-4B0D-B78D-4D78A21D415D}.Debug|x64.Deploy.0 = Debug|x64
		{4DDC3B0B-1F52-4B0D-B78D-4D78A21D415D}.Debug|x86.ActiveCfg = Debug|x86
		{4DDC3B0B-1F52-4B0D-B78D-4D78A21D415D}.Debug|x86.Build.0 = Debug|x86
		{4DDC3B0B-1F52-4B0D-B78D-4D78A21D415D}.Debug|x86.Deploy.0 = Debug|x86
		{4DDC3B0B-1F52-4B0D-B78D-4D78A21D415D}.Release|ARM64.ActiveCfg = Release|ARM64
		{4DDC3B0B-1F52-4B0D-B78D-4D78A21D415D}.Release|ARM64.Build.0 = Release|ARM64
		{4DDC3B0B-1F52-4B0D-B78D-4D78A21D415D}.Release|ARM64.Deploy.0 = Release|ARM64
		{4DDC3B0B-1F52-4B0D-B78D-4D78A21D415D}.Release|x64.ActiveCfg = Release|x64
		{4DDC3B0B-1F52-4B0D-B78D-4D78A21D415D}.Release|x64.Build.0 = Release|x64
		{4DDC3B0B-1F52-4B0D-B78D-4D78A21D415D}.Release|x64.Deploy.0 = Release|x64
		{4DDC3B0B-1F52-4B0D-B78D-4D78A21D415D}.Release|x86.ActiveCfg = Release|x86
		{4DDC3B0B-1F52-4B0D-B78D-4D78A21D415D}.Release|x86.Build.0 = Release|x86
		{4DDC3B0B-1F52-4B0D-B78D-4D78A21D415D}.Release|x86.Deploy.0 = Release|x86
		{B3E7D85F-FBDC-47E7-AD35-7782CF10624D}.Debug|ARM64.ActiveCfg = Debug|ARM64
		{B3E7D85F-FBDC-47E7-AD35-7782CF10624D}.Debug|ARM64.Build.0 = Debug|ARM64
		{B3E7D85F-FBDC-47E7-AD35-7782CF10624D}.Debug|ARM64.Deploy.0 = Debug|ARM64
		{B3E7D85F-FBDC-47E7-AD35-7782CF10624D}.Debug|x64.ActiveCfg = Debug|x64
		{B3E7D85F-FBDC-47E7-AD35-7782CF10624D}.Debug|x64.Build.0 = Debug|x64
		{B3E7D85F-FBDC-47E7-AD35-7782CF10624D}.Debug|x64.Deploy.0 = Debug|x64
		{B3E7D85F-FBDC-47E7-AD35-7782CF10624D}.Debug|x86.ActiveCfg = Debug|x86
		{B3E7D85F-FBDC-47E7-AD35-7782CF10624D}.Debug|x86.Build.0 = Debug|x86
		{B3E7D85F-FBDC-47E7-AD35-7782CF10624D}.Debug|x86.Deploy.0 = Debug|x86
		{B3E7D85F-FBDC-47E7-AD35-7782CF10624D}.Release|ARM64.ActiveCfg = Release|ARM64
		{B3E7D85F-FBDC-47E7-AD35-7782CF10624D}.Release|ARM64.Build.0 = Release|ARM64
		{B3E7D85F-FBDC-47E7-AD35-7782CF10624D}.Release|ARM64.Deploy.0 = Release|ARM64
		{B3E7D85F-FBDC-47E7-AD35-7782CF10624D}.Release|x64.ActiveCfg = Release|x64
		{B3E7D85F-FBDC-47E7-AD35-7782CF10624D}.Release|x64.Build.0 = Release|x64
		{B3E7D85F-FBDC-47E7-AD35-7782CF10624D}.Release|x64.Deploy.0 = Release|x64
		{B3E7D85F-FBDC-47E7-AD35-7782CF10624D}.Release|x86.ActiveCfg = Release|x86
		{B3E7D85F-FBDC-47E7-AD35-7782CF10624D}.Release|x86.Build.0 = Release|x86
		{B3E7D85F-FBDC-47E7-AD35-7782CF10624D}.Release|x86.Deploy.0 = Release|x86
		{FC689FF7-C49D-4D50-AFD2-F67C7029CF00}.Debug|ARM64.ActiveCfg = Debug|ARM64
		{FC689FF7-C49D-4D50-AFD2-F67C7029CF00}.Debug|ARM64.Build.0 = Debug|ARM64
		{FC689FF7-C49D-4D50-AFD2-F67C7029CF00}.Debug|ARM64.Deploy.0 = Debug|ARM64
		{FC689FF7-C49D-4D50-AFD2-F67C7029CF00}.Debug|x64.ActiveCfg = Debug|x64
		{FC689FF7-C49D-4D50-AFD2-F67C7029CF00}.Debug|x64.Build.0 = Debug|x64
		{FC689FF7-C49D-4D50-AFD2-F67C7029CF00}.Debug|x64.Deploy.0 = Debug|x64
		{FC689FF7-C49D-4D50-AFD2-F67C7029CF00}.Debug|x86.ActiveCfg = Debug|x86
		{FC689FF7-C49D-4D50-AFD2-F67C7029CF00}.Debug|x86.Build.0 = Debug|x86
		{FC689FF7-C49D-4D50-AFD2-F67C7029CF00}.Debug|x86.Deploy.0 = Debug|x86
		{FC689FF7-C49D-4D50-AFD2-F67C7029CF00}.Release|ARM64.ActiveCfg = Release|ARM64
		{FC689FF7-C49D-4D50-AFD2-F67C7029CF00}.Release|ARM64.Build.0 = Release|ARM64
		{FC689FF7-C49D-4D50-AFD2-F67C7029CF00}.Release|ARM64.Deploy.0 = Release|ARM64
		{FC689FF7-C49D-4D50-AFD2-F67C7029CF00}.Release|x64.ActiveCfg = Release|x64
		{FC689FF7-C49D-4D50-AFD2-F67C7029CF00}.Release|x64.Build.0 = Release|x64
		{FC689FF7-C49D-4D50-AFD2-F67C7029CF00}.Release|x64.Deploy.0 = Release|x64
		{FC689FF7-C49D-4D50-AFD2-F67C7029CF00}.Release|x86.ActiveCfg = Release|x86
		{FC689FF7-C49D-4D50-AFD2-F67C7029CF00}.Release|x86.Build.0 = Release|x86
		{FC689FF7-C49D-4D50-AFD2-F67C7029CF00}.Release|x86.Deploy.0 = Release|x86
		{50BA2E79-FD6B-4089-B20E-8005A7221738}.Debug|ARM64.ActiveCfg = Debug|ARM64
		{50BA2E79-FD6B-4089-B20E-8005A7221738}.Debug|ARM64.Build.0 = Debug|ARM64
		{50BA2E79-FD6B-4089-B20E-8005A7221738}.Debug|ARM64.Deploy.0 = Debug|ARM64
		{50BA2E79-FD6B-4089-B20E-8005A7221738}.Debug|x64.ActiveCfg = Debug|x64
		{50BA2E79-FD6B-4089-B20E-8005A7221738}.Debug|x64.Build.0 = Debug|x64
		{50BA2E79-FD6B-4089-B20E-8005A7221738}.Debug|x64.Deploy.0 = Debug|x64
		{50BA2E79-FD6B-4089-B20E-8005A7221738}.Debug|x86.ActiveCfg = Debug|x86
		{50BA2E79-FD6B-4089-B20E-8005A7221738}.Debug|x86.Build.0 = Debug|x86
		{50BA2E79-FD6B-4089-B20E-8005A7221738}.Debug|x86.Deploy.0 = Debug|x86
		{50BA2E79-FD6B-4089-B20E-8005A7221738}.Release|ARM64.ActiveCfg = Release|ARM64
		{50BA2E79-FD6B-4089-B20E-8005A7221738}.Release|ARM64.Build.0 = Release|ARM64
		{50BA2E79-FD6B-4089-B20E-8005A7221738}.Release|ARM64.Deploy.0 = Release|ARM64
		{50BA2E79-FD6B-4089-B20E-8005A7221738}.Release|x64.ActiveCfg = Release|x64
		{50BA2E79-FD6B-4089-B20E-8005A7221738}.Release|x64.Build.0 = Release|x64
		{50BA2E79-FD6B-4089-B20E-8005A7221738}.Release|x64.Deploy.0 = Release|x64
		{50BA2E79-FD6B-4089-B20E-8005A7221738}.Release|x86.ActiveCfg = Release|x86
		{50BA2E79-FD6B-4089-B20E-8005A7221738}.Release|x86.Build.0 = Release|x86
		{50BA2E79-FD6B-4089-B20E-8005A7221738}.Release|x86.Deploy.0 = Release|x86
		{F66D638B-FCCE-4324-B610-22E662AE6788}.Debug|ARM64.ActiveCfg = Debug|ARM64
		{F66D638B-FCCE-4324-B610-22E662AE6788}.Debug|ARM64.Build.0 = Debug|ARM64
		{F66D638B-FCCE-4324-B610-22E662AE6788}.Debug|ARM64.Deploy.0 = Debug|ARM64
		{F66D638B-FCCE-4324-B610-22E662AE6788}.Debug|x64.ActiveCfg = Debug|x64
		{F66D638B-FCCE-4324-B610-22E662AE6788}.Debug|x64.Build.0 = Debug|x64
		{F66D638B-FCCE-4324-B610-22E662AE6788}.Debug|x64.Deploy.0 = Debug|x64
		{F66D638B-FCCE-4324-B610-22E662AE6788}.Debug|x86.ActiveCfg = Debug|x86
		{F66D638B-FCCE-4324-B610-22E662AE6788}.Debug|x86.Build.0 = Debug|x86
		{F66D638B-FCCE-4324-B610-22E662AE6788}.Debug|x86.Deploy.0 = Debug|x86
		{F66D638B-FCCE-4324-B610-22E662AE6788}.Release|ARM64.ActiveCfg = Release|ARM64
		{F66D638B-FCCE-4324-B610-22E662AE6788}.Release|ARM64.Build.0 = Release|ARM64
		{F66D638B-FCCE-4324-B610-22E662AE6788}.Release|ARM64.Deploy.0 = Release|ARM64
		{F66D638B-FCCE-4324-B610-22E662AE6788}.Release|x64.ActiveCfg = Release|x64
		{F66D638B-FCCE-4324-B610-22E662AE6788}.Release|x64.Build.0 = Release|x64
		{F66D638B-FCCE-4324-B610-22E662AE6788}.Release|x64.Deploy.0 = Release|x64
		{F66D638B-FCCE-4324-B610-22E662AE6788}.Release|x86.ActiveCfg = Release|x86
		{F66D638B-FCCE-4324-B610-22E662AE6788}.Release|x86.Build.0 = Release|x86
		{F66D638B-FCCE-4324-B610-22E662AE6788}.Release|x86.Deploy.0 = Release|x86
		{B74D1670-8217-4035-9D19-98FBF71D5886}.Debug|ARM64.ActiveCfg = Debug|ARM64
		{B74D1670-8217-4035-9D19-98FBF71D5886}.Debug|ARM64.Build.0 = Debug|ARM64
		{B74D1670-8217-4035-9D19-98FBF71D5886}.Debug|ARM64.Deploy.0 = Debug|ARM64
		{B74D1670-8217-4035-9D19-98FBF71D5886}.Debug|x64.ActiveCfg = Debug|x64
		{B74D1670-8217-4035-9D19-98FBF71D5886}.Debug|x64.Build.0 = Debug|x64
		{B74D1670-8217-4035-9D19-98FBF71D5886}.Debug|x64.Deploy.0 = Debug|x64
		{B74D1670-8217-4035-9D19-98FBF71D5886}.Debug|x86.ActiveCfg = Debug|x86
		{B74D1670-8217-4035-9D19-98FBF71D5886}.Debug|x86.Build.0 = Debug|x86
		{B74D1670-8217-4035-9D19-98FBF71D5886}.Debug|x86.Deploy.0 = Debug|x86
		{B74D1670-8217-4035-9D19-98FBF71D5886}.Release|ARM64.ActiveCfg = Release|ARM64
		{B74D1670-8217-4035-9D19-98FBF71D5886}.Release|ARM64.Build.0 = Release|ARM64
		{B74D1670-8217-4035-9D19-98FBF71D5886}.Release|ARM64.Deploy.0 = Release|ARM64
		{B74D1670-8217-4035-9D19-98FBF71D5886}.Release|x64.ActiveCfg = Release|x64
		{B74D1670-8217-4035-9D19-98FBF71D5886}.Release|x64.Build.0 = Release|x64
		{B74D1670-8217-4035-9D19-98FBF71D5886}.Release|x64.Deploy.0 = Release|x64
		{B74D1670-8217-4035-9D19-98FBF71D5886}.Release|x86.ActiveCfg = Release|x86
		{B74D1670-8217-4035-9D19-98FBF71D5886}.Release|x86.Build.0 = Release|x86
		{B74D1670-8217-4035-9D19-98FBF71D5886}.Release|x86.Deploy.0 = Release|x86
	EndGlobalSection
	GlobalSection(SolutionProperties) = preSolution
		HideSolutionNode = FALSE
	EndGlobalSection
	GlobalSection(ExtensibilityGlobals) = postSolution
		SolutionGuid = {B7C25881-CFA5-48D4-841C-FCAA788BC411}
	EndGlobalSection
EndGlobal
