
Microsoft Visual Studio Solution File, Format Version 12.00
# Visual Studio Version 17
VisualStudioVersion = 17.5.33414.496
MinimumVisualStudioVersion = 10.0.40219.1
Project("{9A19103F-16F7-4668-BE54-9A1E7A4F7556}") = "FormsAndDialogs", "FormsAndDialogs.csproj", "{CF7A6834-028A-4B41-A54C-B9B7EFAE4AAA}"
EndProject
Global
	GlobalSection(SolutionConfigurationPlatforms) = preSolution
		Debug|Any CPU = Debug|Any CPU
		Release|Any CPU = Release|Any CPU
	EndGlobalSection
	GlobalSection(ProjectConfigurationPlatforms) = postSolution
		{CF7A6834-028A-4B41-A54C-B9B7EFAE4AAA}.Debug|Any CPU.ActiveCfg = Debug|Any CPU
		{CF7A6834-028A-4B41-A54C-B9B7EFAE4AAA}.Debug|Any CPU.Build.0 = Debug|Any CPU
		{CF7A6834-028A-4B41-A54C-B9B7EFAE4AAA}.Release|Any CPU.ActiveCfg = Release|Any CPU
		{CF7A6834-028A-4B41-A54C-B9B7EFAE4AAA}.Release|Any CPU.Build.0 = Release|Any CPU
	EndGlobalSection
	GlobalSection(SolutionProperties) = preSolution
		HideSolutionNode = FALSE
	EndGlobalSection
	GlobalSection(ExtensibilityGlobals) = postSolution
		SolutionGuid = {EAE29D9F-D71E-4857-9071-9BE1CA3711F3}
	EndGlobalSection
EndGlobal
